// !$*UTF8*$!
{
	archiveVersion = 1;
	classes = {
	};
	objectVersion = 46;
	objects = {

/* Begin PBXBuildFile section */
		650AE6341C0CD252000399A2 /* AppDelegate.swift in Sources */ = {isa = PBXBuildFile; fileRef = 650AE6331C0CD252000399A2 /* AppDelegate.swift */; };
		650AE6361C0CD252000399A2 /* ViewController.swift in Sources */ = {isa = PBXBuildFile; fileRef = 650AE6351C0CD252000399A2 /* ViewController.swift */; };
		650AE6391C0CD252000399A2 /* Main.storyboard in Resources */ = {isa = PBXBuildFile; fileRef = 650AE6371C0CD252000399A2 /* Main.storyboard */; };
		650AE63B1C0CD252000399A2 /* Assets.xcassets in Resources */ = {isa = PBXBuildFile; fileRef = 650AE63A1C0CD252000399A2 /* Assets.xcassets */; };
		650AE63E1C0CD252000399A2 /* LaunchScreen.storyboard in Resources */ = {isa = PBXBuildFile; fileRef = 650AE63C1C0CD252000399A2 /* LaunchScreen.storyboard */; };
		650AE6461C0CFBDC000399A2 /* DragImg.swift in Sources */ = {isa = PBXBuildFile; fileRef = 650AE6451C0CFBDC000399A2 /* DragImg.swift */; };
		650AE6481C0CFF60000399A2 /* MonsterImg.swift in Sources */ = {isa = PBXBuildFile; fileRef = 650AE6471C0CFF60000399A2 /* MonsterImg.swift */; };
/* End PBXBuildFile section */

/* Begin PBXFileReference section */
		650AE6301C0CD252000399A2 /* MyLittleMonster.app */ = {isa = PBXFileReference; explicitFileType = wrapper.application; includeInIndex = 0; path = MyLittleMonster.app; sourceTree = BUILT_PRODUCTS_DIR; };
		650AE6331C0CD252000399A2 /* AppDelegate.swift */ = {isa = PBXFileReference; lastKnownFileType = sourcecode.swift; path = AppDelegate.swift; sourceTree = "<group>"; };
		650AE6351C0CD252000399A2 /* ViewController.swift */ = {isa = PBXFileReference; lastKnownFileType = sourcecode.swift; path = ViewController.swift; sourceTree = "<group>"; };
		650AE6381C0CD252000399A2 /* Base */ = {isa = PBXFileReference; lastKnownFileType = file.storyboard; name = Base; path = Base.lproj/Main.storyboard; sourceTree = "<group>"; };
		650AE63A1C0CD252000399A2 /* Assets.xcassets */ = {isa = PBXFileReference; lastKnownFileType = folder.assetcatalog; path = Assets.xcassets; sourceTree = "<group>"; };
		650AE63D1C0CD252000399A2 /* Base */ = {isa = PBXFileReference; lastKnownFileType = file.storyboard; name = Base; path = Base.lproj/LaunchScreen.storyboard; sourceTree = "<group>"; };
		650AE63F1C0CD252000399A2 /* Info.plist */ = {isa = PBXFileReference; lastKnownFileType = text.plist.xml; path = Info.plist; sourceTree = "<group>"; };
		650AE6451C0CFBDC000399A2 /* DragImg.swift */ = {isa = PBXFileReference; fileEncoding = 4; lastKnownFileType = sourcecode.swift; path = DragImg.swift; sourceTree = "<group>"; };
		650AE6471C0CFF60000399A2 /* MonsterImg.swift */ = {isa = PBXFileReference; fileEncoding = 4; lastKnownFileType = sourcecode.swift; path = MonsterImg.swift; sourceTree = "<group>"; };
/* End PBXFileReference section */

/* Begin PBXFrameworksBuildPhase section */
		650AE62D1C0CD252000399A2 /* Frameworks */ = {
			isa = PBXFrameworksBuildPhase;
			buildActionMask = 2147483647;
			files = (
			);
			runOnlyForDeploymentPostprocessing = 0;
		};
/* End PBXFrameworksBuildPhase section */

/* Begin PBXGroup section */
		650AE6271C0CD252000399A2 = {
			isa = PBXGroup;
			children = (
				650AE6321C0CD252000399A2 /* MyLittleMonster */,
				650AE6311C0CD252000399A2 /* Products */,
			);
			sourceTree = "<group>";
		};
		650AE6311C0CD252000399A2 /* Products */ = {
			isa = PBXGroup;
			children = (
				650AE6301C0CD252000399A2 /* MyLittleMonster.app */,
			);
			name = Products;
			sourceTree = "<group>";
		};
		650AE6321C0CD252000399A2 /* MyLittleMonster */ = {
			isa = PBXGroup;
			children = (
				650AE6331C0CD252000399A2 /* AppDelegate.swift */,
				650AE6351C0CD252000399A2 /* ViewController.swift */,
				650AE6371C0CD252000399A2 /* Main.storyboard */,
				650AE63A1C0CD252000399A2 /* Assets.xcassets */,
				650AE63C1C0CD252000399A2 /* LaunchScreen.storyboard */,
				650AE63F1C0CD252000399A2 /* Info.plist */,
				650AE6451C0CFBDC000399A2 /* DragImg.swift */,
				650AE6471C0CFF60000399A2 /* MonsterImg.swift */,
			);
			path = MyLittleMonster;
			sourceTree = "<group>";
		};
/* End PBXGroup section */

/* Begin PBXNativeTarget section */
		650AE62F1C0CD252000399A2 /* MyLittleMonster */ = {
			isa = PBXNativeTarget;
			buildConfigurationList = 650AE6421C0CD252000399A2 /* Build configuration list for PBXNativeTarget "MyLittleMonster" */;
			buildPhases = (
				650AE62C1C0CD252000399A2 /* Sources */,
				650AE62D1C0CD252000399A2 /* Frameworks */,
				650AE62E1C0CD252000399A2 /* Resources */,
			);
			buildRules = (
			);
			dependencies = (
			);
			name = MyLittleMonster;
			productName = MyLittleMonster;
			productReference = 650AE6301C0CD252000399A2 /* MyLittleMonster.app */;
			productType = "com.apple.product-type.application";
		};
/* End PBXNativeTarget section */

/* Begin PBXProject section */
		650AE6281C0CD252000399A2 /* Project object */ = {
			isa = PBXProject;
			attributes = {
				LastSwiftUpdateCheck = 0710;
				LastUpgradeCheck = 0710;
				ORGANIZATIONNAME = "Daniel Warner";
				TargetAttributes = {
					650AE62F1C0CD252000399A2 = {
						CreatedOnToolsVersion = 7.1.1;
					};
				};
			};
			buildConfigurationList = 650AE62B1C0CD252000399A2 /* Build configuration list for PBXProject "MyLittleMonster" */;
			compatibilityVersion = "Xcode 3.2";
			developmentRegion = English;
			hasScannedForEncodings = 0;
			knownRegions = (
				en,
				Base,
			);
			mainGroup = 650AE6271C0CD252000399A2;
			productRefGroup = 650AE6311C0CD252000399A2 /* Products */;
			projectDirPath = "";
			projectRoot = "";
			targets = (
				650AE62F1C0CD252000399A2 /* MyLittleMonster */,
			);
		};
/* End PBXProject section */

/* Begin PBXResourcesBuildPhase section */
		650AE62E1C0CD252000399A2 /* Resources */ = {
			isa = PBXResourcesBuildPhase;
			buildActionMask = 2147483647;
			files = (
				650AE63E1C0CD252000399A2 /* LaunchScreen.storyboard in Resources */,
				650AE63B1C0CD252000399A2 /* Assets.xcassets in Resources */,
				650AE6391C0CD252000399A2 /* Main.storyboard in Resources */,
			);
			runOnlyForDeploymentPostprocessing = 0;
		};
/* End PBXResourcesBuildPhase section */

/* Begin PBXSourcesBuildPhase section */
		650AE62C1C0CD252000399A2 /* Sources */ = {
			isa = PBXSourcesBuildPhase;
			buildActionMask = 2147483647;
			files = (
				650AE6481C0CFF60000399A2 /* MonsterImg.swift in Sources */,
				650AE6461C0CFBDC000399A2 /* DragImg.swift in Sources */,
				650AE6361C0CD252000399A2 /* ViewController.swift in Sources */,
				650AE6341C0CD252000399A2 /* AppDelegate.swift in Sources */,
			);
			runOnlyForDeploymentPostprocessing = 0;
		};
/* End PBXSourcesBuildPhase section */

/* Begin PBXVariantGroup section */
		650AE6371C0CD252000399A2 /* Main.storyboard */ = {
			isa = PBXVariantGroup;
			children = (
				650AE6381C0CD252000399A2 /* Base */,
			);
			name = Main.storyboard;
			sourceTree = "<group>";
		};
		650AE63C1C0CD252000399A2 /* LaunchScreen.storyboard */ = {
			isa = PBXVariantGroup;
			children = (
				650AE63D1C0CD252000399A2 /* Base */,
			);
			name = LaunchScreen.storyboard;
			sourceTree = "<group>";
		};
/* End PBXVariantGroup section */

/* Begin XCBuildConfiguration section */
		650AE6401C0CD252000399A2 /* Debug */ = {
			isa = XCBuildConfiguration;
			buildSettings = {
				ALWAYS_SEARCH_USER_PATHS = NO;
				CLANG_CXX_LANGUAGE_STANDARD = "gnu++0x";
				CLANG_CXX_LIBRARY = "libc++";
				CLANG_ENABLE_MODULES = YES;
				CLANG_ENABLE_OBJC_ARC = YES;
				CLANG_WARN_BOOL_CONVERSION = YES;
				CLANG_WARN_CONSTANT_CONVERSION = YES;
				CLANG_WARN_DIRECT_OBJC_ISA_USAGE = YES_ERROR;
				CLANG_WARN_EMPTY_BODY = YES;
				CLANG_WARN_ENUM_CONVERSION = YES;
				CLANG_WARN_INT_CONVERSION = YES;
				CLANG_WARN_OBJC_ROOT_CLASS = YES_ERROR;
				CLANG_WARN_UNREACHABLE_CODE = YES;
				CLANG_WARN__DUPLICATE_METHOD_MATCH = YES;
				"CODE_SIGN_IDENTITY[sdk=iphoneos*]" = "iPhone Developer";
				COPY_PHASE_STRIP = NO;
				DEBUG_INFORMATION_FORMAT = dwarf;
				ENABLE_STRICT_OBJC_MSGSEND = YES;
				ENABLE_TESTABILITY = YES;
				GCC_C_LANGUAGE_STANDARD = gnu99;
				GCC_DYNAMIC_NO_PIC = NO;
				GCC_NO_COMMON_BLOCKS = YES;
				GCC_OPTIMIZATION_LEVEL = 0;
				GCC_PREPROCESSOR_DEFINITIONS = (
					"DEBUG=1",
					"$(inherited)",
				);
				GCC_WARN_64_TO_32_BIT_CONVERSION = YES;
				GCC_WARN_ABOUT_RETURN_TYPE = YES_ERROR;
				GCC_WARN_UNDECLARED_SELECTOR = YES;
				GCC_WARN_UNINITIALIZED_AUTOS = YES_AGGRESSIVE;
				GCC_WARN_UNUSED_FUNCTION = YES;
				GCC_WARN_UNUSED_VARIABLE = YES;
				IPHONEOS_DEPLOYMENT_TARGET = 9.1;
				MTL_ENABLE_DEBUG_INFO = YES;
				ONLY_ACTIVE_ARCH = YES;
				SDKROOT = iphoneos;
				SWIFT_OPTIMIZATION_LEVEL = "-Onone";
				TARGETED_DEVICE_FAMILY = "1,2";
			};
			name = Debug;
		};
		650AE6411C0CD252000399A2 /* Release */ = {
			isa = XCBuildConfiguration;
			buildSettings = {
				ALWAYS_SEARCH_USER_PATHS = NO;
				CLANG_CXX_LANGUAGE_STANDARD = "gnu++0x";
				CLANG_CXX_LIBRARY = "libc++";
				CLANG_ENABLE_MODULES = YES;
				CLANG_ENABLE_OBJC_ARC = YES;
				CLANG_WARN_BOOL_CONVERSION = YES;
				CLANG_WARN_CONSTANT_CONVERSION = YES;
				CLANG_WARN_DIRECT_OBJC_ISA_USAGE = YES_ERROR;
				CLANG_WARN_EMPTY_BODY = YES;
				CLANG_WARN_ENUM_CONVERSION = YES;
				CLANG_WARN_INT_CONVERSION = YES;
				CLANG_WARN_OBJC_ROOT_CLASS = YES_ERROR;
				CLANG_WARN_UNREACHABLE_CODE = YES;
				CLANG_WARN__DUPLICATE_METHOD_MATCH = YES;
				"CODE_SIGN_IDENTITY[sdk=iphoneos*]" = "iPhone Developer";
				COPY_PHASE_STRIP = NO;
				DEBUG_INFORMATION_FORMAT = "dwarf-with-dsym";
				ENABLE_NS_ASSERTIONS = NO;
				ENABLE_STRICT_OBJC_MSGSEND = YES;
				GCC_C_LANGUAGE_STANDARD = gnu99;
				GCC_NO_COMMON_BLOCKS = YES;
				GCC_WARN_64_TO_32_BIT_CONVERSION = YES;
				GCC_WARN_ABOUT_RETURN_TYPE = YES_ERROR;
				GCC_WARN_UNDECLARED_SELECTOR = YES;
				GCC_WARN_UNINITIALIZED_AUTOS = YES_AGGRESSIVE;
				GCC_WARN_UNUSED_FUNCTION = YES;
				GCC_WARN_UNUSED_VARIABLE = YES;
				IPHONEOS_DEPLOYMENT_TARGET = 9.1;
				MTL_ENABLE_DEBUG_INFO = NO;
				SDKROOT = iphoneos;
				TARGETED_DEVICE_FAMILY = "1,2";
				VALIDATE_PRODUCT = YES;
			};
			name = Release;
		};
		650AE6431C0CD252000399A2 /* Debug */ = {
			isa = XCBuildConfiguration;
			buildSettings = {
				ASSETCATALOG_COMPILER_APPICON_NAME = AppIcon;
				INFOPLIST_FILE = MyLittleMonster/Info.plist;
				LD_RUNPATH_SEARCH_PATHS = "$(inherited) @executable_path/Frameworks";
				PRODUCT_BUNDLE_IDENTIFIER = com.gmail.danywarner.MyLittleMonster;
				PRODUCT_NAME = "$(TARGET_NAME)";
				TARGETED_DEVICE_FAMILY = "1,2";
			};
			name = Debug;
		};
		650AE6441C0CD252000399A2 /* Release */ = {
			isa = XCBuildConfiguration;
			buildSettings = {
				ASSETCATALOG_COMPILER_APPICON_NAME = AppIcon;
				INFOPLIST_FILE = MyLittleMonster/Info.plist;
				LD_RUNPATH_SEARCH_PATHS = "$(inherited) @executable_path/Frameworks";
				PRODUCT_BUNDLE_IDENTIFIER = com.gmail.danywarner.MyLittleMonster;
				PRODUCT_NAME = "$(TARGET_NAME)";
				TARGETED_DEVICE_FAMILY = "1,2";
			};
			name = Release;
		};
/* End XCBuildConfiguration section */

/* Begin XCConfigurationList section */
		650AE62B1C0CD252000399A2 /* Build configuration list for PBXProject "MyLittleMonster" */ = {
			isa = XCConfigurationList;
			buildConfigurations = (
				650AE6401C0CD252000399A2 /* Debug */,
				650AE6411C0CD252000399A2 /* Release */,
			);
			defaultConfigurationIsVisible = 0;
			defaultConfigurationName = Release;
		};
		650AE6421C0CD252000399A2 /* Build configuration list for PBXNativeTarget "MyLittleMonster" */ = {
			isa = XCConfigurationList;
			buildConfigurations = (
				650AE6431C0CD252000399A2 /* Debug */,
				650AE6441C0CD252000399A2 /* Release */,
			);
			defaultConfigurationIsVisible = 0;
		};
/* End XCConfigurationList section */
	};
	rootObject = 650AE6281C0CD252000399A2 /* Project object */;
}
